
Microsoft Visual Studio Solution File, Format Version 12.00
# Visual Studio Version 17
VisualStudioVersion = 17.7.34031.279
MinimumVisualStudioVersion = 10.0.40219.1
Project("{FAE04EC0-301F-11D3-BF4B-00C04F79EFBC}") = "SQL_Aufgabe_Ihk", "SQL_Aufgabe_Ihk\SQL_Aufgabe_Ihk.csproj", "{875667D2-3B53-4CD2-A29E-ABBAC3AF936B}"
EndProject
Global
	GlobalSection(SolutionConfigurationPlatforms) = preSolution
		Debug|Any CPU = Debug|Any CPU
		Release|Any CPU = Release|Any CPU
	EndGlobalSection
	GlobalSection(ProjectConfigurationPlatforms) = postSolution
		{875667D2-3B53-4CD2-A29E-ABBAC3AF936B}.Debug|Any CPU.ActiveCfg = Debug|Any CPU
		{875667D2-3B53-4CD2-A29E-ABBAC3AF936B}.Debug|Any CPU.Build.0 = Debug|Any CPU
		{875667D2-3B53-4CD2-A29E-ABBAC3AF936B}.Release|Any CPU.ActiveCfg = Release|Any CPU
		{875667D2-3B53-4CD2-A29E-ABBAC3AF936B}.Release|Any CPU.Build.0 = Release|Any CPU
	EndGlobalSection
	GlobalSection(SolutionProperties) = preSolution
		HideSolutionNode = FALSE
	EndGlobalSection
	GlobalSection(ExtensibilityGlobals) = postSolution
		SolutionGuid = {8500B084-56F9-4527-A5EE-BB5BB93833B4}
	EndGlobalSection
EndGlobal
